{
  "version": 4,
  "terraform_version": "1.1.7",
  "serial": 105,
  "lineage": "f8b0ff9a-4ece-5fe1-8cb1-590669c56e63",
  "outputs": {
    "all-availability-domains-in-your-tenancy": {
      "value": [
        {
          "compartment_id": "ocid1.tenancy.oc1..aaaaaaaawoenbneapvpzru37ec4sugqrwjvdgmlq3siqj3jybwi6qdhf3mla",
          "id": "ocid1.availabilitydomain.oc1..aaaaaaaa4wa4ubp7w624wm2dldwp664hytxa3uwv65dolaaifvkgd5zekipa",
          "name": "Cwmr:AP-MELBOURNE-1-AD-1"
        }
      ],
      "type": [
        "list",
        [
          "object",
          {
            "compartment_id": "string",
            "id": "string",
            "name": "string"
          }
        ]
      ]
    },
    "instance_ip": {
      "value": "168.138.28.82",
      "type": "string"
    },
    "instance_name": {
      "value": "ubuntu1",
      "type": "string"
    },
    "ml_compartment_id": {
      "value": "ocid1.tenancy.oc1..aaaaaaaawoenbneapvpzru37ec4sugqrwjvdgmlq3siqj3jybwi6qdhf3mla",
      "type": "string"
    },
    "ml_image_id": {
      "value": "ocid1.image.oc1.ap-melbourne-1.aaaaaaaavmldzzyourlyogifiki3rdspur37rskj4qoizsl33rl2lsngadbq",
      "type": "string"
    },
    "ml_image_name": {
      "value": "Canonical-Ubuntu-20.04-aarch64-2022.03.02-0",
      "type": "string"
    }
  },
  "resources": [
    {
      "mode": "data",
      "type": "oci_core_images",
      "name": "latest_images",
      "provider": "provider[\"registry.terraform.io/hashicorp/oci\"]",
      "instances": [
        {
          "schema_version": 0,
          "attributes": {
            "compartment_id": "ocid1.tenancy.oc1..aaaaaaaawoenbneapvpzru37ec4sugqrwjvdgmlq3siqj3jybwi6qdhf3mla",
            "display_name": null,
            "filter": null,
            "id": "CoreImagesDataSource-4206738242",
            "images": [
              {
                "agent_features": [],
                "base_image_id": "",
                "billable_size_in_gbs": "2",
                "compartment_id": "",
                "create_image_allowed": true,
                "defined_tags": {},
                "display_name": "Canonical-Ubuntu-20.04-aarch64-2022.03.02-0",
                "freeform_tags": {},
                "id": "ocid1.image.oc1.ap-melbourne-1.aaaaaaaavmldzzyourlyogifiki3rdspur37rskj4qoizsl33rl2lsngadbq",
                "image_source_details": [],
                "instance_id": "",
                "launch_mode": "NATIVE",
                "launch_options": [
                  {
                    "boot_volume_type": "PARAVIRTUALIZED",
                    "firmware": "UEFI_64",
                    "is_consistent_volume_naming_enabled": true,
                    "is_pv_encryption_in_transit_enabled": true,
                    "network_type": "PARAVIRTUALIZED",
                    "remote_data_volume_type": "PARAVIRTUALIZED"
                  }
                ],
                "listing_type": "",
                "operating_system": "Canonical Ubuntu",
                "operating_system_version": "20.04",
                "size_in_mbs": "47694",
                "state": "AVAILABLE",
                "time_created": "2022-03-17 21:28:31.339 +0000 UTC"
              },
              {
                "agent_features": [],
                "base_image_id": "",
                "billable_size_in_gbs": "2",
                "compartment_id": "",
                "create_image_allowed": true,
                "defined_tags": {},
                "display_name": "Canonical-Ubuntu-20.04-aarch64-2022.02.15-0",
                "freeform_tags": {},
                "id": "ocid1.image.oc1.ap-melbourne-1.aaaaaaaaaakbokvwzn4a6hz56mmqovi42y4qpygvdoqdbutjfxrjikvyuxfq",
                "image_source_details": [],
                "instance_id": "",
                "launch_mode": "NATIVE",
                "launch_options": [
                  {
                    "boot_volume_type": "PARAVIRTUALIZED",
                    "firmware": "UEFI_64",
                    "is_consistent_volume_naming_enabled": true,
                    "is_pv_encryption_in_transit_enabled": true,
                    "network_type": "PARAVIRTUALIZED",
                    "remote_data_volume_type": "PARAVIRTUALIZED"
                  }
                ],
                "listing_type": "",
                "operating_system": "Canonical Ubuntu",
                "operating_system_version": "20.04",
                "size_in_mbs": "47694",
                "state": "AVAILABLE",
                "time_created": "2022-03-02 06:21:26.244 +0000 UTC"
              },
              {
                "agent_features": [],
                "base_image_id": "",
                "billable_size_in_gbs": "2",
                "compartment_id": "",
                "create_image_allowed": true,
                "defined_tags": {},
                "display_name": "Canonical-Ubuntu-20.04-aarch64-2022.01.18-0",
                "freeform_tags": {},
                "id": "ocid1.image.oc1.ap-melbourne-1.aaaaaaaag4s73gmgh537bev4fdwk7y2aelo5hwnsktawlvjvfm4c4fi6b5ia",
                "image_source_details": [],
                "instance_id": "",
                "launch_mode": "NATIVE",
                "launch_options": [
                  {
                    "boot_volume_type": "PARAVIRTUALIZED",
                    "firmware": "UEFI_64",
                    "is_consistent_volume_naming_enabled": true,
                    "is_pv_encryption_in_transit_enabled": true,
                    "network_type": "PARAVIRTUALIZED",
                    "remote_data_volume_type": "PARAVIRTUALIZED"
                  }
                ],
                "listing_type": "",
                "operating_system": "Canonical Ubuntu",
                "operating_system_version": "20.04",
                "size_in_mbs": "47694",
                "state": "AVAILABLE",
                "time_created": "2022-01-27 22:38:30.389 +0000 UTC"
              },
              {
                "agent_features": [],
                "base_image_id": "",
                "billable_size_in_gbs": "2",
                "compartment_id": "",
                "create_image_allowed": true,
                "defined_tags": {},
                "display_name": "Canonical-Ubuntu-18.04-aarch64-2022.03.02-0",
                "freeform_tags": {},
                "id": "ocid1.image.oc1.ap-melbourne-1.aaaaaaaamd7atjj3r33q24uofu4ude2b7ja2fpitynnw2hte7k477qaqxxsa",
                "image_source_details": [],
                "instance_id": "",
                "launch_mode": "NATIVE",
                "launch_options": [
                  {
                    "boot_volume_type": "PARAVIRTUALIZED",
                    "firmware": "UEFI_64",
                    "is_consistent_volume_naming_enabled": true,
                    "is_pv_encryption_in_transit_enabled": true,
                    "network_type": "PARAVIRTUALIZED",
                    "remote_data_volume_type": "PARAVIRTUALIZED"
                  }
                ],
                "listing_type": "",
                "operating_system": "Canonical Ubuntu",
                "operating_system_version": "18.04",
                "size_in_mbs": "47694",
                "state": "AVAILABLE",
                "time_created": "2022-03-17 21:30:38.82 +0000 UTC"
              },
              {
                "agent_features": [],
                "base_image_id": "",
                "billable_size_in_gbs": "2",
                "compartment_id": "",
                "create_image_allowed": true,
                "defined_tags": {},
                "display_name": "Canonical-Ubuntu-18.04-aarch64-2022.02.13-0",
                "freeform_tags": {},
                "id": "ocid1.image.oc1.ap-melbourne-1.aaaaaaaajvscfywsy6wbmcq2gxtio53tuegzdt4xyviey6sxazfjk3iyzbqq",
                "image_source_details": [],
                "instance_id": "",
                "launch_mode": "NATIVE",
                "launch_options": [
                  {
                    "boot_volume_type": "PARAVIRTUALIZED",
                    "firmware": "UEFI_64",
                    "is_consistent_volume_naming_enabled": true,
                    "is_pv_encryption_in_transit_enabled": true,
                    "network_type": "PARAVIRTUALIZED",
                    "remote_data_volume_type": "PARAVIRTUALIZED"
                  }
                ],
                "listing_type": "",
                "operating_system": "Canonical Ubuntu",
                "operating_system_version": "18.04",
                "size_in_mbs": "47694",
                "state": "AVAILABLE",
                "time_created": "2022-03-02 06:52:38.838 +0000 UTC"
              },
              {
                "agent_features": [],
                "base_image_id": "",
                "billable_size_in_gbs": "2",
                "compartment_id": "",
                "create_image_allowed": true,
                "defined_tags": {},
                "display_name": "Canonical-Ubuntu-18.04-aarch64-2022.01.18-0",
                "freeform_tags": {},
                "id": "ocid1.image.oc1.ap-melbourne-1.aaaaaaaanzz24idyfmc4lbudgg34vwpr3uhc5b6gf36s35em3tb6iczq555q",
                "image_source_details": [],
                "instance_id": "",
                "launch_mode": "NATIVE",
                "launch_options": [
                  {
                    "boot_volume_type": "PARAVIRTUALIZED",
                    "firmware": "UEFI_64",
                    "is_consistent_volume_naming_enabled": true,
                    "is_pv_encryption_in_transit_enabled": true,
                    "network_type": "PARAVIRTUALIZED",
                    "remote_data_volume_type": "PARAVIRTUALIZED"
                  }
                ],
                "listing_type": "",
                "operating_system": "Canonical Ubuntu",
                "operating_system_version": "18.04",
                "size_in_mbs": "47694",
                "state": "AVAILABLE",
                "time_created": "2022-01-27 22:40:07.544 +0000 UTC"
              }
            ],
            "operating_system": "Canonical Ubuntu",
            "operating_system_version": null,
            "shape": "VM.Standard.A1.Flex",
            "sort_by": "TIMECREATED",
            "sort_order": null,
            "state": null
          },
          "sensitive_attributes": []
        }
      ]
    },
    {
      "mode": "data",
      "type": "oci_identity_availability_domains",
      "name": "ads",
      "provider": "provider[\"registry.terraform.io/hashicorp/oci\"]",
      "instances": [
        {
          "schema_version": 0,
          "attributes": {
            "availability_domains": [
              {
                "compartment_id": "ocid1.tenancy.oc1..aaaaaaaawoenbneapvpzru37ec4sugqrwjvdgmlq3siqj3jybwi6qdhf3mla",
                "id": "ocid1.availabilitydomain.oc1..aaaaaaaa4wa4ubp7w624wm2dldwp664hytxa3uwv65dolaaifvkgd5zekipa",
                "name": "Cwmr:AP-MELBOURNE-1-AD-1"
              }
            ],
            "compartment_id": "ocid1.tenancy.oc1..aaaaaaaawoenbneapvpzru37ec4sugqrwjvdgmlq3siqj3jybwi6qdhf3mla",
            "filter": null,
            "id": "IdentityAvailabilityDomainsDataSource-2939957210"
          },
          "sensitive_attributes": []
        }
      ]
    },
    {
      "mode": "data",
      "type": "oci_identity_compartments",
      "name": "ml_compartments",
      "provider": "provider[\"registry.terraform.io/hashicorp/oci\"]",
      "instances": [
        {
          "schema_version": 0,
          "attributes": {
            "access_level": null,
            "compartment_id": "ocid1.tenancy.oc1..aaaaaaaawoenbneapvpzru37ec4sugqrwjvdgmlq3siqj3jybwi6qdhf3mla",
            "compartment_id_in_subtree": true,
            "compartments": [
              {
                "compartment_id": "ocid1.tenancy.oc1..aaaaaaaawoenbneapvpzru37ec4sugqrwjvdgmlq3siqj3jybwi6qdhf3mla",
                "defined_tags": {
                  "Oracle-Tags.CreatedBy": "oracleidentitycloudservice/tdaly61@gmail.com",
                  "Oracle-Tags.CreatedOn": "2022-03-20T10:29:34.920Z"
                },
                "description": "mojaloop testing ",
                "enable_delete": false,
                "freeform_tags": {},
                "id": "ocid1.compartment.oc1..aaaaaaaay4dvgufx67yxf35nmpppieepfcidmgp6jwuwhz56jbgiv7dx5v2q",
                "inactive_state": "",
                "is_accessible": false,
                "name": "mojaloop",
                "state": "ACTIVE",
                "time_created": "2022-03-20 10:29:34.986 +0000 UTC"
              }
            ],
            "filter": [
              {
                "name": "name",
                "regex": false,
                "values": [
                  "mojaloop"
                ]
              }
            ],
            "id": "IdentityCompartmentsDataSource-1003738219",
            "name": null,
            "state": null
          },
          "sensitive_attributes": []
        }
      ]
    },
    {
      "mode": "managed",
      "type": "oci_core_instance",
      "name": "ubuntu_instance",
      "provider": "provider[\"registry.terraform.io/hashicorp/oci\"]",
      "instances": [
        {
          "schema_version": 0,
          "attributes": {
            "agent_config": [
              {
                "are_all_plugins_disabled": false,
                "is_management_disabled": false,
                "is_monitoring_disabled": false,
                "plugins_config": []
              }
            ],
            "async": null,
            "availability_config": [
              {
                "is_live_migration_preferred": false,
                "recovery_action": "RESTORE_INSTANCE"
              }
            ],
            "availability_domain": "Cwmr:AP-MELBOURNE-1-AD-1",
            "boot_volume_id": "ocid1.bootvolume.oc1.ap-melbourne-1.abwwkljru3b4bew2ybwzhqzijgohlzzfo72s25xn7ovy3xho5skjffiivs3q",
            "capacity_reservation_id": null,
            "compartment_id": "ocid1.tenancy.oc1..aaaaaaaawoenbneapvpzru37ec4sugqrwjvdgmlq3siqj3jybwi6qdhf3mla",
            "create_vnic_details": [
              {
                "assign_private_dns_record": false,
                "assign_public_ip": "true",
                "defined_tags": {
                  "Oracle-Tags.CreatedBy": "oracleidentitycloudservice/tdaly61@gmail.com",
                  "Oracle-Tags.CreatedOn": "2022-03-28T11:45:54.852Z"
                },
                "display_name": "ubuntu1",
                "freeform_tags": {},
                "hostname_label": "ubuntu1",
                "nsg_ids": [],
                "private_ip": "10.0.0.34",
                "skip_source_dest_check": false,
                "subnet_id": "ocid1.subnet.oc1.ap-melbourne-1.aaaaaaaa4jl3ww7j5mkyc2hgmklw5eg7advfk3k2aptyfna3ipfejvsgptha",
                "vlan_id": ""
              }
            ],
            "dedicated_vm_host_id": null,
            "defined_tags": {
              "Oracle-Tags.CreatedBy": "oracleidentitycloudservice/tdaly61@gmail.com",
              "Oracle-Tags.CreatedOn": "2022-03-28T11:45:54.710Z"
            },
            "display_name": "ubuntu1",
            "extended_metadata": {},
            "fault_domain": "FAULT-DOMAIN-1",
            "freeform_tags": {},
            "hostname_label": "ubuntu1",
            "id": "ocid1.instance.oc1.ap-melbourne-1.anwwkljrj3bzpcachfmkjfcfb6nuudktynnow65t556kkrnqfw3cepecogdq",
            "image": "ocid1.image.oc1.ap-melbourne-1.aaaaaaaavmldzzyourlyogifiki3rdspur37rskj4qoizsl33rl2lsngadbq",
            "instance_options": [
              {
                "are_legacy_imds_endpoints_disabled": false
              }
            ],
            "ipxe_script": null,
            "is_pv_encryption_in_transit_enabled": null,
            "launch_mode": "PARAVIRTUALIZED",
            "launch_options": [
              {
                "boot_volume_type": "PARAVIRTUALIZED",
                "firmware": "UEFI_64",
                "is_consistent_volume_naming_enabled": true,
                "is_pv_encryption_in_transit_enabled": false,
                "network_type": "PARAVIRTUALIZED",
                "remote_data_volume_type": "PARAVIRTUALIZED"
              }
            ],
            "metadata": {
              "ssh_authorized_keys": "ssh-rsa AAAAB3NzaC1yc2EAAAADAQABAAABAQDUz7sMuQPh83WFKLrAd8n48OswDLWWwPS19P3L79ibxjQdpIoWRK+Zv7qj99JybpZC7B2Vazsf13qSmMFnQZ3ncFjmRbhBPIQ/gch2TG43kIy2iLur0z3ckCi7GAnnOvpr/ShK7oA3QQTi6nJ1YL01Tt4V88glsr244Nc8ADFtjk4P+Y66IxSHX+uI6hitUkOb03KEobjhOktN9NKZ1NOSLysLcsMUlaRuo6rSGVJ0NzCPzLgg9tHezI3adnLFEU7LEhYkJAemT85YMqUgw5ZAFfGG8ONoE5+H1Vy0YgAefOWG/JaQCpXijSwz/yjOG8SSZ1WatgqQyenqVIz4vopt ssh-key-2022-03-19"
            },
            "platform_config": [],
            "preemptible_instance_config": [],
            "preserve_boot_volume": false,
            "private_ip": "10.0.0.34",
            "public_ip": "168.138.28.82",
            "region": "ap-melbourne-1",
            "shape": "VM.Standard.A1.Flex",
            "shape_config": [
              {
                "baseline_ocpu_utilization": "",
                "gpu_description": "",
                "gpus": 0,
                "local_disk_description": "",
                "local_disks": 0,
                "local_disks_total_size_in_gbs": 0,
                "max_vnic_attachments": 4,
                "memory_in_gbs": 8,
                "networking_bandwidth_in_gbps": 4,
                "ocpus": 4,
                "processor_description": "3.0 GHz Ampere® Altra™"
              }
            ],
            "source_details": [
              {
                "boot_volume_size_in_gbs": "47",
                "kms_key_id": "",
                "source_id": "ocid1.image.oc1.ap-melbourne-1.aaaaaaaavmldzzyourlyogifiki3rdspur37rskj4qoizsl33rl2lsngadbq",
                "source_type": "image"
              }
            ],
            "state": "RUNNING",
            "subnet_id": "ocid1.subnet.oc1.ap-melbourne-1.aaaaaaaa4jl3ww7j5mkyc2hgmklw5eg7advfk3k2aptyfna3ipfejvsgptha",
            "system_tags": {},
            "time_created": "2022-03-28 11:45:55.235 +0000 UTC",
            "time_maintenance_reboot_due": "",
            "timeouts": null
          },
          "sensitive_attributes": [],
          "private": "eyJlMmJmYjczMC1lY2FhLTExZTYtOGY4OC0zNDM2M2JjN2M0YzAiOnsiY3JlYXRlIjoyNzAwMDAwMDAwMDAwLCJkZWxldGUiOjQ1MDAwMDAwMDAwMDAsInVwZGF0ZSI6MjcwMDAwMDAwMDAwMH19",
          "dependencies": [
            "data.oci_core_images.latest_images",
            "data.oci_identity_availability_domains.ads",
            "data.oci_identity_compartments.ml_compartments",
            "module.vcn.module.drg_from_vcn_module.oci_core_drg.drg",
            "module.vcn.oci_core_internet_gateway.ig",
            "module.vcn.oci_core_route_table.ig",
            "module.vcn.oci_core_vcn.vcn",
            "oci_core_security_list.public-security-list",
            "oci_core_subnet.vcn-public-subnet"
          ]
        }
      ]
    },
    {
      "mode": "managed",
      "type": "oci_core_security_list",
      "name": "public-security-list",
      "provider": "provider[\"registry.terraform.io/hashicorp/oci\"]",
      "instances": [
        {
          "schema_version": 0,
          "attributes": {
            "compartment_id": "ocid1.tenancy.oc1..aaaaaaaawoenbneapvpzru37ec4sugqrwjvdgmlq3siqj3jybwi6qdhf3mla",
            "defined_tags": {
              "Oracle-Tags.CreatedBy": "oracleidentitycloudservice/tdaly61@gmail.com",
              "Oracle-Tags.CreatedOn": "2022-03-28T11:45:51.534Z"
            },
            "display_name": "security-list-for-public-subnet",
            "egress_security_rules": [
              {
                "description": "",
                "destination": "0.0.0.0/0",
                "destination_type": "CIDR_BLOCK",
                "icmp_options": [],
                "protocol": "all",
                "stateless": false,
                "tcp_options": [],
                "udp_options": []
              }
            ],
            "freeform_tags": {},
            "id": "ocid1.securitylist.oc1.ap-melbourne-1.aaaaaaaathws5k5wpgppb7i4pqybgh22laef7d2wh7bkbxzifgzgs25qau6a",
            "ingress_security_rules": [
              {
                "description": "",
                "icmp_options": [
                  {
                    "code": -1,
                    "type": 3
                  }
                ],
                "protocol": "1",
                "source": "10.0.0.0/16",
                "source_type": "CIDR_BLOCK",
                "stateless": false,
                "tcp_options": [],
                "udp_options": []
              },
              {
                "description": "",
                "icmp_options": [
                  {
                    "code": 4,
                    "type": 3
                  }
                ],
                "protocol": "1",
                "source": "0.0.0.0/0",
                "source_type": "CIDR_BLOCK",
                "stateless": false,
                "tcp_options": [],
                "udp_options": []
              },
              {
                "description": "",
                "icmp_options": [],
                "protocol": "6",
                "source": "0.0.0.0/0",
                "source_type": "CIDR_BLOCK",
                "stateless": false,
                "tcp_options": [
                  {
                    "max": 22,
                    "min": 22,
                    "source_port_range": []
                  }
                ],
                "udp_options": []
              }
            ],
            "state": "AVAILABLE",
            "time_created": "2022-03-28 11:45:51.603 +0000 UTC",
            "timeouts": null,
            "vcn_id": "ocid1.vcn.oc1.ap-melbourne-1.amaaaaaaj3bzpcaaux5fdwzlpv6cbysphckavopuf3vjiz7r42g25ct3izda"
          },
          "sensitive_attributes": [],
          "private": "eyJlMmJmYjczMC1lY2FhLTExZTYtOGY4OC0zNDM2M2JjN2M0YzAiOnsiY3JlYXRlIjoxMjAwMDAwMDAwMDAwLCJkZWxldGUiOjEyMDAwMDAwMDAwMDAsInVwZGF0ZSI6MTIwMDAwMDAwMDAwMH19",
          "dependencies": [
            "data.oci_identity_compartments.ml_compartments",
            "module.vcn.oci_core_vcn.vcn"
          ]
        }
      ]
    },
    {
      "mode": "managed",
      "type": "oci_core_subnet",
      "name": "vcn-public-subnet",
      "provider": "provider[\"registry.terraform.io/hashicorp/oci\"]",
      "instances": [
        {
          "schema_version": 0,
          "attributes": {
            "availability_domain": null,
            "cidr_block": "10.0.0.0/24",
            "compartment_id": "ocid1.tenancy.oc1..aaaaaaaawoenbneapvpzru37ec4sugqrwjvdgmlq3siqj3jybwi6qdhf3mla",
            "defined_tags": {
              "Oracle-Tags.CreatedBy": "oracleidentitycloudservice/tdaly61@gmail.com",
              "Oracle-Tags.CreatedOn": "2022-03-28T11:45:52.229Z"
            },
            "dhcp_options_id": "ocid1.dhcpoptions.oc1.ap-melbourne-1.aaaaaaaa7cgculpuqyqa63nhz4iucxokbherpoepnxt5hns7lhoukudycgpa",
            "display_name": "mojaloop_sub",
            "dns_label": "mlsub",
            "freeform_tags": {},
            "id": "ocid1.subnet.oc1.ap-melbourne-1.aaaaaaaa4jl3ww7j5mkyc2hgmklw5eg7advfk3k2aptyfna3ipfejvsgptha",
            "ipv6cidr_block": null,
            "ipv6virtual_router_ip": null,
            "prohibit_internet_ingress": false,
            "prohibit_public_ip_on_vnic": false,
            "route_table_id": "ocid1.routetable.oc1.ap-melbourne-1.aaaaaaaajzwmupdmfnscyaf55kpqxrirnkynajzdwfe2mwzgaikfe65tkyta",
            "security_list_ids": [
              "ocid1.securitylist.oc1.ap-melbourne-1.aaaaaaaathws5k5wpgppb7i4pqybgh22laef7d2wh7bkbxzifgzgs25qau6a"
            ],
            "state": "AVAILABLE",
            "subnet_domain_name": "mlsub.mlvcn.oraclevcn.com",
            "time_created": "2022-03-28 11:45:52.276 +0000 UTC",
            "timeouts": null,
            "vcn_id": "ocid1.vcn.oc1.ap-melbourne-1.amaaaaaaj3bzpcaaux5fdwzlpv6cbysphckavopuf3vjiz7r42g25ct3izda",
            "virtual_router_ip": "10.0.0.1",
            "virtual_router_mac": "00:00:17:46:33:30"
          },
          "sensitive_attributes": [],
          "private": "eyJlMmJmYjczMC1lY2FhLTExZTYtOGY4OC0zNDM2M2JjN2M0YzAiOnsiY3JlYXRlIjoxMjAwMDAwMDAwMDAwLCJkZWxldGUiOjEyMDAwMDAwMDAwMDAsInVwZGF0ZSI6MTIwMDAwMDAwMDAwMH19",
          "dependencies": [
            "data.oci_identity_compartments.ml_compartments",
            "module.vcn.module.drg_from_vcn_module.oci_core_drg.drg",
            "module.vcn.oci_core_internet_gateway.ig",
            "module.vcn.oci_core_route_table.ig",
            "module.vcn.oci_core_vcn.vcn",
            "oci_core_security_list.public-security-list"
          ]
        }
      ]
    },
    {
      "module": "module.vcn",
      "mode": "managed",
      "type": "oci_core_default_security_list",
      "name": "lockdown",
      "provider": "provider[\"registry.terraform.io/hashicorp/oci\"]",
      "instances": [
        {
          "index_key": 0,
          "schema_version": 0,
          "attributes": {
            "compartment_id": "ocid1.tenancy.oc1..aaaaaaaawoenbneapvpzru37ec4sugqrwjvdgmlq3siqj3jybwi6qdhf3mla",
            "defined_tags": {
              "Oracle-Tags.CreatedBy": "oracleidentitycloudservice/tdaly61@gmail.com",
              "Oracle-Tags.CreatedOn": "2022-03-28T11:45:50.576Z"
            },
            "display_name": "Default Security List for mojaloop_vcn",
            "egress_security_rules": [],
            "freeform_tags": {
              "module": "oracle-terraform-modules/vcn/oci",
              "terraformed": "Please do not edit manually"
            },
            "id": "ocid1.securitylist.oc1.ap-melbourne-1.aaaaaaaai2wj2ffxky7fzmsllu3iiwvah7kv3xg7ofcsosas2ouqgr2kp4hq",
            "ingress_security_rules": [],
            "manage_default_resource_id": "ocid1.securitylist.oc1.ap-melbourne-1.aaaaaaaai2wj2ffxky7fzmsllu3iiwvah7kv3xg7ofcsosas2ouqgr2kp4hq",
            "state": "AVAILABLE",
            "time_created": "2022-03-28 11:45:50.675 +0000 UTC",
            "timeouts": null
          },
          "sensitive_attributes": [],
          "private": "eyJlMmJmYjczMC1lY2FhLTExZTYtOGY4OC0zNDM2M2JjN2M0YzAiOnsiY3JlYXRlIjoxMjAwMDAwMDAwMDAwLCJkZWxldGUiOjEyMDAwMDAwMDAwMDAsInVwZGF0ZSI6MTIwMDAwMDAwMDAwMH19",
          "dependencies": [
            "data.oci_identity_compartments.ml_compartments",
            "module.vcn.oci_core_vcn.vcn"
          ]
        }
      ]
    },
    {
      "module": "module.vcn",
      "mode": "managed",
      "type": "oci_core_internet_gateway",
      "name": "ig",
      "provider": "provider[\"registry.terraform.io/hashicorp/oci\"]",
      "instances": [
        {
          "index_key": 0,
          "schema_version": 0,
          "attributes": {
            "compartment_id": "ocid1.tenancy.oc1..aaaaaaaawoenbneapvpzru37ec4sugqrwjvdgmlq3siqj3jybwi6qdhf3mla",
            "defined_tags": {
              "Oracle-Tags.CreatedBy": "oracleidentitycloudservice/tdaly61@gmail.com",
              "Oracle-Tags.CreatedOn": "2022-03-28T11:45:51.318Z"
            },
            "display_name": "igw",
            "enabled": true,
            "freeform_tags": {
              "module": "oracle-terraform-modules/vcn/oci",
              "terraformed": "Please do not edit manually"
            },
            "id": "ocid1.internetgateway.oc1.ap-melbourne-1.aaaaaaaar4ww5k2lu45yemp2f7jrav3ehudc47h3txeywmebzp6yw3us42kq",
            "state": "AVAILABLE",
            "time_created": "2022-03-28 11:45:51.358 +0000 UTC",
            "timeouts": null,
            "vcn_id": "ocid1.vcn.oc1.ap-melbourne-1.amaaaaaaj3bzpcaaux5fdwzlpv6cbysphckavopuf3vjiz7r42g25ct3izda"
          },
          "sensitive_attributes": [],
          "private": "eyJlMmJmYjczMC1lY2FhLTExZTYtOGY4OC0zNDM2M2JjN2M0YzAiOnsiY3JlYXRlIjoxMjAwMDAwMDAwMDAwLCJkZWxldGUiOjEyMDAwMDAwMDAwMDAsInVwZGF0ZSI6MTIwMDAwMDAwMDAwMH19",
          "dependencies": [
            "data.oci_identity_compartments.ml_compartments",
            "module.vcn.oci_core_vcn.vcn"
          ]
        }
      ]
    },
    {
      "module": "module.vcn",
      "mode": "managed",
      "type": "oci_core_route_table",
      "name": "ig",
      "provider": "provider[\"registry.terraform.io/hashicorp/oci\"]",
      "instances": [
        {
          "index_key": 0,
          "schema_version": 0,
          "attributes": {
            "compartment_id": "ocid1.tenancy.oc1..aaaaaaaawoenbneapvpzru37ec4sugqrwjvdgmlq3siqj3jybwi6qdhf3mla",
            "defined_tags": {
              "Oracle-Tags.CreatedBy": "oracleidentitycloudservice/tdaly61@gmail.com",
              "Oracle-Tags.CreatedOn": "2022-03-28T11:45:51.763Z"
            },
            "display_name": "internet-route",
            "freeform_tags": {
              "module": "oracle-terraform-modules/vcn/oci",
              "terraformed": "Please do not edit manually"
            },
            "id": "ocid1.routetable.oc1.ap-melbourne-1.aaaaaaaajzwmupdmfnscyaf55kpqxrirnkynajzdwfe2mwzgaikfe65tkyta",
            "route_rules": [
              {
                "cidr_block": "",
                "description": "Terraformed - Auto-generated at Internet Gateway creation: Internet Gateway as default gateway",
                "destination": "0.0.0.0/0",
                "destination_type": "CIDR_BLOCK",
                "network_entity_id": "ocid1.internetgateway.oc1.ap-melbourne-1.aaaaaaaar4ww5k2lu45yemp2f7jrav3ehudc47h3txeywmebzp6yw3us42kq"
              }
            ],
            "state": "AVAILABLE",
            "time_created": "2022-03-28 11:45:51.791 +0000 UTC",
            "timeouts": null,
            "vcn_id": "ocid1.vcn.oc1.ap-melbourne-1.amaaaaaaj3bzpcaaux5fdwzlpv6cbysphckavopuf3vjiz7r42g25ct3izda"
          },
          "sensitive_attributes": [],
          "private": "eyJlMmJmYjczMC1lY2FhLTExZTYtOGY4OC0zNDM2M2JjN2M0YzAiOnsiY3JlYXRlIjoxMjAwMDAwMDAwMDAwLCJkZWxldGUiOjEyMDAwMDAwMDAwMDAsInVwZGF0ZSI6MTIwMDAwMDAwMDAwMH19",
          "dependencies": [
            "data.oci_identity_compartments.ml_compartments",
            "module.vcn.module.drg_from_vcn_module.oci_core_drg.drg",
            "module.vcn.oci_core_internet_gateway.ig",
            "module.vcn.oci_core_vcn.vcn"
          ]
        }
      ]
    },
    {
      "module": "module.vcn",
      "mode": "managed",
      "type": "oci_core_vcn",
      "name": "vcn",
      "provider": "provider[\"registry.terraform.io/hashicorp/oci\"]",
      "instances": [
        {
          "schema_version": 0,
          "attributes": {
            "cidr_block": "10.0.0.0/16",
            "cidr_blocks": [
              "10.0.0.0/16"
            ],
            "compartment_id": "ocid1.tenancy.oc1..aaaaaaaawoenbneapvpzru37ec4sugqrwjvdgmlq3siqj3jybwi6qdhf3mla",
            "default_dhcp_options_id": "ocid1.dhcpoptions.oc1.ap-melbourne-1.aaaaaaaa7cgculpuqyqa63nhz4iucxokbherpoepnxt5hns7lhoukudycgpa",
            "default_route_table_id": "ocid1.routetable.oc1.ap-melbourne-1.aaaaaaaagfu45hopbmouk4r6f3y5tstc7cxhjl3vdxdc7htu53jfhh2wdrsa",
            "default_security_list_id": "ocid1.securitylist.oc1.ap-melbourne-1.aaaaaaaai2wj2ffxky7fzmsllu3iiwvah7kv3xg7ofcsosas2ouqgr2kp4hq",
            "defined_tags": {
              "Oracle-Tags.CreatedBy": "oracleidentitycloudservice/tdaly61@gmail.com",
              "Oracle-Tags.CreatedOn": "2022-03-28T11:45:50.576Z"
            },
            "display_name": "mojaloop_vcn",
            "dns_label": "mlvcn",
            "freeform_tags": {
              "module": "oracle-terraform-modules/vcn/oci",
              "terraformed": "Please do not edit manually"
            },
            "id": "ocid1.vcn.oc1.ap-melbourne-1.amaaaaaaj3bzpcaaux5fdwzlpv6cbysphckavopuf3vjiz7r42g25ct3izda",
            "ipv6cidr_blocks": [],
            "is_ipv6enabled": false,
            "state": "AVAILABLE",
            "time_created": "2022-03-28 11:45:50.675 +0000 UTC",
            "timeouts": null,
            "vcn_domain_name": "mlvcn.oraclevcn.com"
          },
          "sensitive_attributes": [],
          "private": "eyJlMmJmYjczMC1lY2FhLTExZTYtOGY4OC0zNDM2M2JjN2M0YzAiOnsiY3JlYXRlIjoxMjAwMDAwMDAwMDAwLCJkZWxldGUiOjEyMDAwMDAwMDAwMDAsInVwZGF0ZSI6MTIwMDAwMDAwMDAwMH19",
          "dependencies": [
            "data.oci_identity_compartments.ml_compartments"
          ]
        }
      ]
    }
  ]
}
